{
  "requires": true,
  "lockfileVersion": 1,
  "dependencies": {
    "@types/webassembly-js-api": {
      "version": "0.0.1",
      "resolved": "https://registry.npmjs.org/@types/webassembly-js-api/-/webassembly-js-api-0.0.1.tgz",
      "integrity": "sha1-YtULIBB319TMEJuxytoi/f1FI/s="
    },
    "@types/webassembly-web-api": {
      "version": "0.0.0",
      "resolved": "https://registry.npmjs.org/@types/webassembly-web-api/-/webassembly-web-api-0.0.0.tgz",
      "integrity": "sha512-3zu0CPsgnnTYChBohUi0vJA1DTw/L9p2xTe5Yu8b35osBVH2mSRjRAkJb4TxyCZIXweO7u1Ax5G6RTQFfKFsUw==",
      "requires": {
        "@types/webassembly-js-api": "0.0.1"
      }
    }
  }
}
